
Microsoft Visual Studio Solution File, Format Version 12.00
Project("{FAE04EC0-301F-11D3-BF4B-00C04F79EFBC}") = "LinesCounter", "LinesCounter\LinesCounter.csproj", "{21F52A28-ADBD-4595-829E-8A957E6D3AEC}"
EndProject
Global
	GlobalSection(SolutionConfigurationPlatforms) = preSolution
		Debug|Any CPU = Debug|Any CPU
		Release|Any CPU = Release|Any CPU
	EndGlobalSection
	GlobalSection(ProjectConfigurationPlatforms) = postSolution
		{21F52A28-ADBD-4595-829E-8A957E6D3AEC}.Debug|Any CPU.ActiveCfg = Debug|Any CPU
		{21F52A28-ADBD-4595-829E-8A957E6D3AEC}.Debug|Any CPU.Build.0 = Debug|Any CPU
		{21F52A28-ADBD-4595-829E-8A957E6D3AEC}.Release|Any CPU.ActiveCfg = Release|Any CPU
		{21F52A28-ADBD-4595-829E-8A957E6D3AEC}.Release|Any CPU.Build.0 = Release|Any CPU
	EndGlobalSection
EndGlobal
